Microsoft Visual Studio Solution File, Format Version 12.00
# Visual Studio 2012
Project("{FAE04EC0-301F-11D3-BF4B-00C04F79EFBC}") = "Little Slippey", "Little Slippey.csproj", "{23B4C774-CD44-413D-A42F-6E86E7525BEC}"
EndProject
Global
	GlobalSection(SolutionConfigurationPlatforms) = preSolution
	Debug|Any CPU = Debug|Any CPU
	ExportDebug|Any CPU = ExportDebug|Any CPU
	ExportRelease|Any CPU = ExportRelease|Any CPU
	EndGlobalSection
	GlobalSection(ProjectConfigurationPlatforms) = postSolution
		{23B4C774-CD44-413D-A42F-6E86E7525BEC}.Debug|Any CPU.ActiveCfg = Debug|Any CPU
		{23B4C774-CD44-413D-A42F-6E86E7525BEC}.Debug|Any CPU.Build.0 = Debug|Any CPU
		{23B4C774-CD44-413D-A42F-6E86E7525BEC}.ExportDebug|Any CPU.ActiveCfg = ExportDebug|Any CPU
		{23B4C774-CD44-413D-A42F-6E86E7525BEC}.ExportDebug|Any CPU.Build.0 = ExportDebug|Any CPU
		{23B4C774-CD44-413D-A42F-6E86E7525BEC}.ExportRelease|Any CPU.ActiveCfg = ExportRelease|Any CPU
		{23B4C774-CD44-413D-A42F-6E86E7525BEC}.ExportRelease|Any CPU.Build.0 = ExportRelease|Any CPU
	EndGlobalSection
EndGlobal
